
Microsoft Visual Studio Solution File, Format Version 12.00
# Visual Studio Version 16
VisualStudioVersion = 16.0.32126.315
MinimumVisualStudioVersion = 10.0.40219.1
Project("{FAE04EC0-301F-11D3-BF4B-00C04F79EFBC}") = "reddit-clone-be", "reddit-clone-be\reddit-clone-be.csproj", "{5F444906-4EB8-4225-9DAD-C22E4A4117CF}"
EndProject
Global
	GlobalSection(SolutionConfigurationPlatforms) = preSolution
		Debug|Any CPU = Debug|Any CPU
		Release|Any CPU = Release|Any CPU
	EndGlobalSection
	GlobalSection(ProjectConfigurationPlatforms) = postSolution
		{5F444906-4EB8-4225-9DAD-C22E4A4117CF}.Debug|Any CPU.ActiveCfg = Debug|Any CPU
		{5F444906-4EB8-4225-9DAD-C22E4A4117CF}.Debug|Any CPU.Build.0 = Debug|Any CPU
		{5F444906-4EB8-4225-9DAD-C22E4A4117CF}.Release|Any CPU.ActiveCfg = Release|Any CPU
		{5F444906-4EB8-4225-9DAD-C22E4A4117CF}.Release|Any CPU.Build.0 = Release|Any CPU
	EndGlobalSection
	GlobalSection(SolutionProperties) = preSolution
		HideSolutionNode = FALSE
	EndGlobalSection
	GlobalSection(ExtensibilityGlobals) = postSolution
		SolutionGuid = {9D18443D-273B-4B63-A3AF-5E7DBA6FF534}
	EndGlobalSection
EndGlobal
